
Microsoft Visual Studio Solution File, Format Version 12.00
# Visual Studio Version 17
VisualStudioVersion = 17.8.34525.116
MinimumVisualStudioVersion = 10.0.40219.1
Project("{FAE04EC0-301F-11D3-BF4B-00C04F79EFBC}") = "Controles", "Controles\Controles.csproj", "{91A4C668-50C1-47C4-86EF-F654BA6A0721}"
EndProject
Project("{FAE04EC0-301F-11D3-BF4B-00C04F79EFBC}") = "LoginCookie1", "LoginCookie1\LoginCookie1.csproj", "{CF2F3350-0373-4818-ACCB-090A81C1509E}"
EndProject
Project("{FAE04EC0-301F-11D3-BF4B-00C04F79EFBC}") = "LoginCookie2", "LoginCookie2\LoginCookie2.csproj", "{B8AF8368-6F97-428A-877E-151A1B6DC25C}"
EndProject
Project("{FAE04EC0-301F-11D3-BF4B-00C04F79EFBC}") = "VentanaModal", "VentanaModal\VentanaModal.csproj", "{0D0EEBFA-B38B-4BD1-808A-8C06BC08E6CC}"
EndProject
Project("{FAE04EC0-301F-11D3-BF4B-00C04F79EFBC}") = "IntegracionJavascriptHTML", "IntegracionJavascript\IntegracionJavascriptHTML.csproj", "{98CDB83C-9394-4288-9B87-747C51E754EB}"
EndProject
Project("{FAE04EC0-301F-11D3-BF4B-00C04F79EFBC}") = "WebListView", "WebListView\WebListView.csproj", "{2936C0C3-53E0-4B99-921F-4B353A94EB7E}"
EndProject
Global
	GlobalSection(SolutionConfigurationPlatforms) = preSolution
		Debug|Any CPU = Debug|Any CPU
		Release|Any CPU = Release|Any CPU
	EndGlobalSection
	GlobalSection(ProjectConfigurationPlatforms) = postSolution
		{91A4C668-50C1-47C4-86EF-F654BA6A0721}.Debug|Any CPU.ActiveCfg = Debug|Any CPU
		{91A4C668-50C1-47C4-86EF-F654BA6A0721}.Debug|Any CPU.Build.0 = Debug|Any CPU
		{91A4C668-50C1-47C4-86EF-F654BA6A0721}.Release|Any CPU.ActiveCfg = Release|Any CPU
		{91A4C668-50C1-47C4-86EF-F654BA6A0721}.Release|Any CPU.Build.0 = Release|Any CPU
		{CF2F3350-0373-4818-ACCB-090A81C1509E}.Debug|Any CPU.ActiveCfg = Debug|Any CPU
		{CF2F3350-0373-4818-ACCB-090A81C1509E}.Debug|Any CPU.Build.0 = Debug|Any CPU
		{CF2F3350-0373-4818-ACCB-090A81C1509E}.Release|Any CPU.ActiveCfg = Release|Any CPU
		{CF2F3350-0373-4818-ACCB-090A81C1509E}.Release|Any CPU.Build.0 = Release|Any CPU
		{B8AF8368-6F97-428A-877E-151A1B6DC25C}.Debug|Any CPU.ActiveCfg = Debug|Any CPU
		{B8AF8368-6F97-428A-877E-151A1B6DC25C}.Debug|Any CPU.Build.0 = Debug|Any CPU
		{B8AF8368-6F97-428A-877E-151A1B6DC25C}.Release|Any CPU.ActiveCfg = Release|Any CPU
		{B8AF8368-6F97-428A-877E-151A1B6DC25C}.Release|Any CPU.Build.0 = Release|Any CPU
		{0D0EEBFA-B38B-4BD1-808A-8C06BC08E6CC}.Debug|Any CPU.ActiveCfg = Debug|Any CPU
		{0D0EEBFA-B38B-4BD1-808A-8C06BC08E6CC}.Debug|Any CPU.Build.0 = Debug|Any CPU
		{0D0EEBFA-B38B-4BD1-808A-8C06BC08E6CC}.Release|Any CPU.ActiveCfg = Release|Any CPU
		{0D0EEBFA-B38B-4BD1-808A-8C06BC08E6CC}.Release|Any CPU.Build.0 = Release|Any CPU
		{98CDB83C-9394-4288-9B87-747C51E754EB}.Debug|Any CPU.ActiveCfg = Debug|Any CPU
		{98CDB83C-9394-4288-9B87-747C51E754EB}.Debug|Any CPU.Build.0 = Debug|Any CPU
		{98CDB83C-9394-4288-9B87-747C51E754EB}.Release|Any CPU.ActiveCfg = Release|Any CPU
		{98CDB83C-9394-4288-9B87-747C51E754EB}.Release|Any CPU.Build.0 = Release|Any CPU
		{2936C0C3-53E0-4B99-921F-4B353A94EB7E}.Debug|Any CPU.ActiveCfg = Debug|Any CPU
		{2936C0C3-53E0-4B99-921F-4B353A94EB7E}.Debug|Any CPU.Build.0 = Debug|Any CPU
		{2936C0C3-53E0-4B99-921F-4B353A94EB7E}.Release|Any CPU.ActiveCfg = Release|Any CPU
		{2936C0C3-53E0-4B99-921F-4B353A94EB7E}.Release|Any CPU.Build.0 = Release|Any CPU
	EndGlobalSection
	GlobalSection(SolutionProperties) = preSolution
		HideSolutionNode = FALSE
	EndGlobalSection
	GlobalSection(ExtensibilityGlobals) = postSolution
		SolutionGuid = {576E9CCC-52AB-4CB2-B1BA-67D9C5517742}
	EndGlobalSection
EndGlobal
